
Microsoft Visual Studio Solution File, Format Version 12.00
# Visual Studio Version 17
VisualStudioVersion = 17.6.33712.159
MinimumVisualStudioVersion = 10.0.40219.1
Project("{FAE04EC0-301F-11D3-BF4B-00C04F79EFBC}") = "图书馆员系统", "图书馆员系统\图书馆员系统.csproj", "{165D8445-879B-497F-95F5-D4624E397C74}"
EndProject
Project("{FAE04EC0-301F-11D3-BF4B-00C04F79EFBC}") = "Model", "Model\Model.csproj", "{7FE43554-214C-4582-B39B-82C12638E43E}"
EndProject
Project("{FAE04EC0-301F-11D3-BF4B-00C04F79EFBC}") = "Dal", "Dal\Dal.csproj", "{DADE3786-0535-4432-8DDD-7E6123D140E0}"
EndProject
Project("{FAE04EC0-301F-11D3-BF4B-00C04F79EFBC}") = "Bll", "Bll\Bll.csproj", "{A47B94F4-9621-4A53-9ADF-3D91B679D522}"
EndProject
Global
	GlobalSection(SolutionConfigurationPlatforms) = preSolution
		Debug|Any CPU = Debug|Any CPU
		Release|Any CPU = Release|Any CPU
	EndGlobalSection
	GlobalSection(ProjectConfigurationPlatforms) = postSolution
		{165D8445-879B-497F-95F5-D4624E397C74}.Debug|Any CPU.ActiveCfg = Debug|Any CPU
		{165D8445-879B-497F-95F5-D4624E397C74}.Debug|Any CPU.Build.0 = Debug|Any CPU
		{165D8445-879B-497F-95F5-D4624E397C74}.Release|Any CPU.ActiveCfg = Release|Any CPU
		{165D8445-879B-497F-95F5-D4624E397C74}.Release|Any CPU.Build.0 = Release|Any CPU
		{7FE43554-214C-4582-B39B-82C12638E43E}.Debug|Any CPU.ActiveCfg = Debug|Any CPU
		{7FE43554-214C-4582-B39B-82C12638E43E}.Debug|Any CPU.Build.0 = Debug|Any CPU
		{7FE43554-214C-4582-B39B-82C12638E43E}.Release|Any CPU.ActiveCfg = Release|Any CPU
		{7FE43554-214C-4582-B39B-82C12638E43E}.Release|Any CPU.Build.0 = Release|Any CPU
		{DADE3786-0535-4432-8DDD-7E6123D140E0}.Debug|Any CPU.ActiveCfg = Debug|Any CPU
		{DADE3786-0535-4432-8DDD-7E6123D140E0}.Debug|Any CPU.Build.0 = Debug|Any CPU
		{DADE3786-0535-4432-8DDD-7E6123D140E0}.Release|Any CPU.ActiveCfg = Release|Any CPU
		{DADE3786-0535-4432-8DDD-7E6123D140E0}.Release|Any CPU.Build.0 = Release|Any CPU
		{A47B94F4-9621-4A53-9ADF-3D91B679D522}.Debug|Any CPU.ActiveCfg = Debug|Any CPU
		{A47B94F4-9621-4A53-9ADF-3D91B679D522}.Debug|Any CPU.Build.0 = Debug|Any CPU
		{A47B94F4-9621-4A53-9ADF-3D91B679D522}.Release|Any CPU.ActiveCfg = Release|Any CPU
		{A47B94F4-9621-4A53-9ADF-3D91B679D522}.Release|Any CPU.Build.0 = Release|Any CPU
	EndGlobalSection
	GlobalSection(SolutionProperties) = preSolution
		HideSolutionNode = FALSE
	EndGlobalSection
	GlobalSection(ExtensibilityGlobals) = postSolution
		SolutionGuid = {90899430-BA8E-4EE2-9D7A-3804E96A2B2A}
	EndGlobalSection
EndGlobal
